
Microsoft Visual Studio Solution File, Format Version 12.00
# Visual Studio Version 17
VisualStudioVersion = 17.0.31903.59
MinimumVisualStudioVersion = 10.0.40219.1
Project("{2150E333-8FDC-42A3-9474-1A3956D46DE8}") = "src", "src", "{827E0CD3-B72D-47B6-A68D-7590B98EB39B}"
EndProject
Project("{FAE04EC0-301F-11D3-BF4B-00C04F79EFBC}") = "DocFlow.DocumentService.Api", "src\DocFlow.DocumentService.Api\DocFlow.DocumentService.Api.csproj", "{071F5DF4-DE9C-4BE8-A963-BFB0F9D41C22}"
EndProject
Project("{FAE04EC0-301F-11D3-BF4B-00C04F79EFBC}") = "DocFlow.DocumentService.Application", "src\DocFlow.DocumentService.Application\DocFlow.DocumentService.Application.csproj", "{C0DFB063-9DAD-43D9-8C86-5E40203F8F54}"
EndProject
Project("{FAE04EC0-301F-11D3-BF4B-00C04F79EFBC}") = "DocFlow.DocumentService.Domain", "src\DocFlow.DocumentService.Domain\DocFlow.DocumentService.Domain.csproj", "{A5865A5F-F960-45A6-9C9B-B915D8194D49}"
EndProject
Project("{FAE04EC0-301F-11D3-BF4B-00C04F79EFBC}") = "DocFlow.DocumentService.Infrastructure", "src\DocFlow.DocumentService.Infrastructure\DocFlow.DocumentService.Infrastructure.csproj", "{A11262E4-D3FB-40CF-99BD-765BB313399E}"
EndProject
Project("{2150E333-8FDC-42A3-9474-1A3956D46DE8}") = "tests", "tests", "{0AB3BF05-4346-4AA6-1389-037BE0695223}"
EndProject
Project("{FAE04EC0-301F-11D3-BF4B-00C04F79EFBC}") = "DocFlow.DocumentService.IntegrationTests", "tests\DocFlow.DocumentService.IntegrationTests\DocFlow.DocumentService.IntegrationTests.csproj", "{D139A416-45A2-41D0-B77E-E9BF2565C307}"
EndProject
Project("{FAE04EC0-301F-11D3-BF4B-00C04F79EFBC}") = "DocFlow.DocumentService.UnitTests", "tests\DocFlow.DocumentService.UnitTests\DocFlow.DocumentService.UnitTests.csproj", "{3C0D4131-D122-4E82-9640-14F3A0B05E19}"
EndProject
Project("{2150E333-8FDC-42A3-9474-1A3956D46DE8}") = "Architecture", "Architecture", "{02EA681E-C7D8-13C7-8484-4AC65E1B71E8}"
	ProjectSection(SolutionItems) = preProject
		Document-Service-Architecture-Diagram.md = Document-Service-Architecture-Diagram.md
	EndProjectSection
EndProject
Project("{2150E333-8FDC-42A3-9474-1A3956D46DE8}") = "docker", "docker", "{612E52B2-D508-48ED-9074-487DE6875761}"
EndProject
Global
	GlobalSection(SolutionConfigurationPlatforms) = preSolution
		Debug|Any CPU = Debug|Any CPU
		Debug|x64 = Debug|x64
		Debug|x86 = Debug|x86
		Release|Any CPU = Release|Any CPU
		Release|x64 = Release|x64
		Release|x86 = Release|x86
	EndGlobalSection
	GlobalSection(ProjectConfigurationPlatforms) = postSolution
		{071F5DF4-DE9C-4BE8-A963-BFB0F9D41C22}.Debug|Any CPU.ActiveCfg = Debug|Any CPU
		{071F5DF4-DE9C-4BE8-A963-BFB0F9D41C22}.Debug|Any CPU.Build.0 = Debug|Any CPU
		{071F5DF4-DE9C-4BE8-A963-BFB0F9D41C22}.Debug|x64.ActiveCfg = Debug|Any CPU
		{071F5DF4-DE9C-4BE8-A963-BFB0F9D41C22}.Debug|x64.Build.0 = Debug|Any CPU
		{071F5DF4-DE9C-4BE8-A963-BFB0F9D41C22}.Debug|x86.ActiveCfg = Debug|Any CPU
		{071F5DF4-DE9C-4BE8-A963-BFB0F9D41C22}.Debug|x86.Build.0 = Debug|Any CPU
		{071F5DF4-DE9C-4BE8-A963-BFB0F9D41C22}.Release|Any CPU.ActiveCfg = Release|Any CPU
		{071F5DF4-DE9C-4BE8-A963-BFB0F9D41C22}.Release|Any CPU.Build.0 = Release|Any CPU
		{071F5DF4-DE9C-4BE8-A963-BFB0F9D41C22}.Release|x64.ActiveCfg = Release|Any CPU
		{071F5DF4-DE9C-4BE8-A963-BFB0F9D41C22}.Release|x64.Build.0 = Release|Any CPU
		{071F5DF4-DE9C-4BE8-A963-BFB0F9D41C22}.Release|x86.ActiveCfg = Release|Any CPU
		{071F5DF4-DE9C-4BE8-A963-BFB0F9D41C22}.Release|x86.Build.0 = Release|Any CPU
		{C0DFB063-9DAD-43D9-8C86-5E40203F8F54}.Debug|Any CPU.ActiveCfg = Debug|Any CPU
		{C0DFB063-9DAD-43D9-8C86-5E40203F8F54}.Debug|Any CPU.Build.0 = Debug|Any CPU
		{C0DFB063-9DAD-43D9-8C86-5E40203F8F54}.Debug|x64.ActiveCfg = Debug|Any CPU
		{C0DFB063-9DAD-43D9-8C86-5E40203F8F54}.Debug|x64.Build.0 = Debug|Any CPU
		{C0DFB063-9DAD-43D9-8C86-5E40203F8F54}.Debug|x86.ActiveCfg = Debug|Any CPU
		{C0DFB063-9DAD-43D9-8C86-5E40203F8F54}.Debug|x86.Build.0 = Debug|Any CPU
		{C0DFB063-9DAD-43D9-8C86-5E40203F8F54}.Release|Any CPU.ActiveCfg = Release|Any CPU
		{C0DFB063-9DAD-43D9-8C86-5E40203F8F54}.Release|Any CPU.Build.0 = Release|Any CPU
		{C0DFB063-9DAD-43D9-8C86-5E40203F8F54}.Release|x64.ActiveCfg = Release|Any CPU
		{C0DFB063-9DAD-43D9-8C86-5E40203F8F54}.Release|x64.Build.0 = Release|Any CPU
		{C0DFB063-9DAD-43D9-8C86-5E40203F8F54}.Release|x86.ActiveCfg = Release|Any CPU
		{C0DFB063-9DAD-43D9-8C86-5E40203F8F54}.Release|x86.Build.0 = Release|Any CPU
		{A5865A5F-F960-45A6-9C9B-B915D8194D49}.Debug|Any CPU.ActiveCfg = Debug|Any CPU
		{A5865A5F-F960-45A6-9C9B-B915D8194D49}.Debug|Any CPU.Build.0 = Debug|Any CPU
		{A5865A5F-F960-45A6-9C9B-B915D8194D49}.Debug|x64.ActiveCfg = Debug|Any CPU
		{A5865A5F-F960-45A6-9C9B-B915D8194D49}.Debug|x64.Build.0 = Debug|Any CPU
		{A5865A5F-F960-45A6-9C9B-B915D8194D49}.Debug|x86.ActiveCfg = Debug|Any CPU
		{A5865A5F-F960-45A6-9C9B-B915D8194D49}.Debug|x86.Build.0 = Debug|Any CPU
		{A5865A5F-F960-45A6-9C9B-B915D8194D49}.Release|Any CPU.ActiveCfg = Release|Any CPU
		{A5865A5F-F960-45A6-9C9B-B915D8194D49}.Release|Any CPU.Build.0 = Release|Any CPU
		{A5865A5F-F960-45A6-9C9B-B915D8194D49}.Release|x64.ActiveCfg = Release|Any CPU
		{A5865A5F-F960-45A6-9C9B-B915D8194D49}.Release|x64.Build.0 = Release|Any CPU
		{A5865A5F-F960-45A6-9C9B-B915D8194D49}.Release|x86.ActiveCfg = Release|Any CPU
		{A5865A5F-F960-45A6-9C9B-B915D8194D49}.Release|x86.Build.0 = Release|Any CPU
		{A11262E4-D3FB-40CF-99BD-765BB313399E}.Debug|Any CPU.ActiveCfg = Debug|Any CPU
		{A11262E4-D3FB-40CF-99BD-765BB313399E}.Debug|Any CPU.Build.0 = Debug|Any CPU
		{A11262E4-D3FB-40CF-99BD-765BB313399E}.Debug|x64.ActiveCfg = Debug|Any CPU
		{A11262E4-D3FB-40CF-99BD-765BB313399E}.Debug|x64.Build.0 = Debug|Any CPU
		{A11262E4-D3FB-40CF-99BD-765BB313399E}.Debug|x86.ActiveCfg = Debug|Any CPU
		{A11262E4-D3FB-40CF-99BD-765BB313399E}.Debug|x86.Build.0 = Debug|Any CPU
		{A11262E4-D3FB-40CF-99BD-765BB313399E}.Release|Any CPU.ActiveCfg = Release|Any CPU
		{A11262E4-D3FB-40CF-99BD-765BB313399E}.Release|Any CPU.Build.0 = Release|Any CPU
		{A11262E4-D3FB-40CF-99BD-765BB313399E}.Release|x64.ActiveCfg = Release|Any CPU
		{A11262E4-D3FB-40CF-99BD-765BB313399E}.Release|x64.Build.0 = Release|Any CPU
		{A11262E4-D3FB-40CF-99BD-765BB313399E}.Release|x86.ActiveCfg = Release|Any CPU
		{A11262E4-D3FB-40CF-99BD-765BB313399E}.Release|x86.Build.0 = Release|Any CPU
		{D139A416-45A2-41D0-B77E-E9BF2565C307}.Debug|Any CPU.ActiveCfg = Debug|Any CPU
		{D139A416-45A2-41D0-B77E-E9BF2565C307}.Debug|Any CPU.Build.0 = Debug|Any CPU
		{D139A416-45A2-41D0-B77E-E9BF2565C307}.Debug|x64.ActiveCfg = Debug|Any CPU
		{D139A416-45A2-41D0-B77E-E9BF2565C307}.Debug|x64.Build.0 = Debug|Any CPU
		{D139A416-45A2-41D0-B77E-E9BF2565C307}.Debug|x86.ActiveCfg = Debug|Any CPU
		{D139A416-45A2-41D0-B77E-E9BF2565C307}.Debug|x86.Build.0 = Debug|Any CPU
		{D139A416-45A2-41D0-B77E-E9BF2565C307}.Release|Any CPU.ActiveCfg = Release|Any CPU
		{D139A416-45A2-41D0-B77E-E9BF2565C307}.Release|Any CPU.Build.0 = Release|Any CPU
		{D139A416-45A2-41D0-B77E-E9BF2565C307}.Release|x64.ActiveCfg = Release|Any CPU
		{D139A416-45A2-41D0-B77E-E9BF2565C307}.Release|x64.Build.0 = Release|Any CPU
		{D139A416-45A2-41D0-B77E-E9BF2565C307}.Release|x86.ActiveCfg = Release|Any CPU
		{D139A416-45A2-41D0-B77E-E9BF2565C307}.Release|x86.Build.0 = Release|Any CPU
		{3C0D4131-D122-4E82-9640-14F3A0B05E19}.Debug|Any CPU.ActiveCfg = Debug|Any CPU
		{3C0D4131-D122-4E82-9640-14F3A0B05E19}.Debug|Any CPU.Build.0 = Debug|Any CPU
		{3C0D4131-D122-4E82-9640-14F3A0B05E19}.Debug|x64.ActiveCfg = Debug|Any CPU
		{3C0D4131-D122-4E82-9640-14F3A0B05E19}.Debug|x64.Build.0 = Debug|Any CPU
		{3C0D4131-D122-4E82-9640-14F3A0B05E19}.Debug|x86.ActiveCfg = Debug|Any CPU
		{3C0D4131-D122-4E82-9640-14F3A0B05E19}.Debug|x86.Build.0 = Debug|Any CPU
		{3C0D4131-D122-4E82-9640-14F3A0B05E19}.Release|Any CPU.ActiveCfg = Release|Any CPU
		{3C0D4131-D122-4E82-9640-14F3A0B05E19}.Release|Any CPU.Build.0 = Release|Any CPU
		{3C0D4131-D122-4E82-9640-14F3A0B05E19}.Release|x64.ActiveCfg = Release|Any CPU
		{3C0D4131-D122-4E82-9640-14F3A0B05E19}.Release|x64.Build.0 = Release|Any CPU
		{3C0D4131-D122-4E82-9640-14F3A0B05E19}.Release|x86.ActiveCfg = Release|Any CPU
		{3C0D4131-D122-4E82-9640-14F3A0B05E19}.Release|x86.Build.0 = Release|Any CPU
	EndGlobalSection
	GlobalSection(SolutionProperties) = preSolution
		HideSolutionNode = FALSE
	EndGlobalSection
	GlobalSection(NestedProjects) = preSolution
		{071F5DF4-DE9C-4BE8-A963-BFB0F9D41C22} = {827E0CD3-B72D-47B6-A68D-7590B98EB39B}
		{C0DFB063-9DAD-43D9-8C86-5E40203F8F54} = {827E0CD3-B72D-47B6-A68D-7590B98EB39B}
		{A5865A5F-F960-45A6-9C9B-B915D8194D49} = {827E0CD3-B72D-47B6-A68D-7590B98EB39B}
		{A11262E4-D3FB-40CF-99BD-765BB313399E} = {827E0CD3-B72D-47B6-A68D-7590B98EB39B}
		{D139A416-45A2-41D0-B77E-E9BF2565C307} = {0AB3BF05-4346-4AA6-1389-037BE0695223}
		{3C0D4131-D122-4E82-9640-14F3A0B05E19} = {0AB3BF05-4346-4AA6-1389-037BE0695223}
	EndGlobalSection
	GlobalSection(ExtensibilityGlobals) = postSolution
		SolutionGuid = {FE835530-908A-4646-BBA5-96821D2BE320}
	EndGlobalSection
EndGlobal
